
Microsoft Visual Studio Solution File, Format Version 12.00
# Visual Studio Version 16
VisualStudioVersion = 16.0.31613.86
MinimumVisualStudioVersion = 10.0.40219.1
Project("{FAE04EC0-301F-11D3-BF4B-00C04F79EFBC}") = "Minesweeper", "Minesweeper.csproj", "{5361D7ED-6164-4237-94E3-894D43D24A28}"
EndProject
Project("{FAE04EC0-301F-11D3-BF4B-00C04F79EFBC}") = "MinesweeperLibrary", "..\MinesweeperLibrary\MinesweeperLibrary.csproj", "{5F73532B-AC2D-4C65-9BED-09B1EA407581}"
EndProject
Global
	GlobalSection(SolutionConfigurationPlatforms) = preSolution
		Debug|Any CPU = Debug|Any CPU
		Release|Any CPU = Release|Any CPU
	EndGlobalSection
	GlobalSection(ProjectConfigurationPlatforms) = postSolution
		{5361D7ED-6164-4237-94E3-894D43D24A28}.Debug|Any CPU.ActiveCfg = Debug|Any CPU
		{5361D7ED-6164-4237-94E3-894D43D24A28}.Debug|Any CPU.Build.0 = Debug|Any CPU
		{5361D7ED-6164-4237-94E3-894D43D24A28}.Release|Any CPU.ActiveCfg = Release|Any CPU
		{5361D7ED-6164-4237-94E3-894D43D24A28}.Release|Any CPU.Build.0 = Release|Any CPU
		{5F73532B-AC2D-4C65-9BED-09B1EA407581}.Debug|Any CPU.ActiveCfg = Debug|Any CPU
		{5F73532B-AC2D-4C65-9BED-09B1EA407581}.Debug|Any CPU.Build.0 = Debug|Any CPU
		{5F73532B-AC2D-4C65-9BED-09B1EA407581}.Release|Any CPU.ActiveCfg = Release|Any CPU
		{5F73532B-AC2D-4C65-9BED-09B1EA407581}.Release|Any CPU.Build.0 = Release|Any CPU
	EndGlobalSection
	GlobalSection(SolutionProperties) = preSolution
		HideSolutionNode = FALSE
	EndGlobalSection
	GlobalSection(ExtensibilityGlobals) = postSolution
		SolutionGuid = {170E04B8-33D3-47C4-B13E-2B5279C3C2B1}
	EndGlobalSection
EndGlobal
